{
  "name": "@theory-cloud/design",
  "version": "2.1.1-rc.7",
  "lockfileVersion": 3,
  "requires": true,
  "packages": {
    "": {
      "name": "@theory-cloud/design",
      "version": "2.1.1-rc.7",
      "license": "UNLICENSED",
      "devDependencies": {
        "@theory-cloud/facetheory": "https://github.com/theory-cloud/FaceTheory/releases/download/v4.0.5/theory-cloud-facetheory-4.0.5.tgz",
        "@types/node": "^24.12.2",
        "typescript": "^5.6.0"
      },
      "engines": {
        "node": ">=24"
      }
    },
    "node_modules/@theory-cloud/facetheory": {
      "version": "4.0.5",
      "resolved": "https://github.com/theory-cloud/FaceTheory/releases/download/v4.0.5/theory-cloud-facetheory-4.0.5.tgz",
      "integrity": "sha512-6OuCzOJELmBIHzxua0cx6DkpP+Iy7AGtWiDqGc1/NvjDryUWKofTUmiIV48w1eZECpFRc+taWn/hVWpPwf3Hqw==",
      "dev": true,
      "license": "Apache-2.0",
      "bin": {
        "facetheory": "dist/create-cli.js",
        "facetheory-create": "dist/create-cli.js",
        "facetheory-dev": "dist/dev-cli.js",
        "facetheory-doctor": "dist/doctor-cli.js"
      },
      "engines": {
        "node": ">=20"
      },
      "peerDependencies": {
        "@emotion/cache": ">=11",
        "@emotion/react": ">=11",
        "@emotion/server": ">=11",
        "@vue/server-renderer": ">=3",
        "antd": ">=5",
        "react": ">=18",
        "react-dom": ">=18",
        "svelte": ">=5.55.7",
        "vue": ">=3"
      },
      "peerDependenciesMeta": {
        "@emotion/cache": {
          "optional": true
        },
        "@emotion/react": {
          "optional": true
        },
        "@emotion/server": {
          "optional": true
        },
        "@vue/server-renderer": {
          "optional": true
        },
        "antd": {
          "optional": true
        },
        "svelte": {
          "optional": true
        },
        "vue": {
          "optional": true
        }
      }
    },
    "node_modules/@types/node": {
      "version": "24.13.3",
      "resolved": "https://registry.npmjs.org/@types/node/-/node-24.13.3.tgz",
      "integrity": "sha512-Dh8vAsV36ig5wa9OX4pXvMc9D3Veibfw2wix0CUwYODLD8nkj9UsLjASr49nPg+2eKzxhBV+v7L8pXvT4e639Q==",
      "dev": true,
      "license": "MIT",
      "dependencies": {
        "undici-types": "~7.18.0"
      }
    },
    "node_modules/react": {
      "version": "19.2.8",
      "resolved": "https://registry.npmjs.org/react/-/react-19.2.8.tgz",
      "integrity": "sha512-PWaYA1L/q9u2u7xYQi+Y3L3Yfnie7XyLeaJICV1MGD6LprsBxcAqGjYyr0eY3p+QdsA+x/Irkt4Qif8D63+Sbw==",
      "dev": true,
      "license": "MIT",
      "peer": true,
      "engines": {
        "node": ">=0.10.0"
      }
    },
    "node_modules/react-dom": {
      "version": "19.2.8",
      "resolved": "https://registry.npmjs.org/react-dom/-/react-dom-19.2.8.tgz",
      "integrity": "sha512-rVprimfGBG3DR+Tq0IQG2DT5PxKth1WIGDmj5yPmlzr4YBe7uyE+Du4oVqTDXZSHGGGXRtTJEGSSePyQCMBglQ==",
      "dev": true,
      "license": "MIT",
      "peer": true,
      "dependencies": {
        "scheduler": "^0.27.0"
      },
      "peerDependencies": {
        "react": "^19.2.8"
      }
    },
    "node_modules/scheduler": {
      "version": "0.27.0",
      "resolved": "https://registry.npmjs.org/scheduler/-/scheduler-0.27.0.tgz",
      "integrity": "sha512-eNv+WrVbKu1f3vbYJT/xtiF5syA5HPIMtf9IgY/nKg0sWqzAUEvqY/xm7OcZc/qafLx/iO9FgOmeSAp4v5ti/Q==",
      "dev": true,
      "license": "MIT",
      "peer": true
    },
    "node_modules/typescript": {
      "version": "5.9.3",
      "resolved": "https://registry.npmjs.org/typescript/-/typescript-5.9.3.tgz",
      "integrity": "sha512-jl1vZzPDinLr9eUt3J/t7V6FgNEw9QjvBPdysz9KfQDD41fQrC2Y4vKQdiaUpFT4bXlb1RHhLpp8wtm6M5TgSw==",
      "dev": true,
      "license": "Apache-2.0",
      "bin": {
        "tsc": "bin/tsc",
        "tsserver": "bin/tsserver"
      },
      "engines": {
        "node": ">=14.17"
      }
    },
    "node_modules/undici-types": {
      "version": "7.18.2",
      "resolved": "https://registry.npmjs.org/undici-types/-/undici-types-7.18.2.tgz",
      "integrity": "sha512-AsuCzffGHJybSaRrmr5eHr81mwJU3kjw6M+uprWvCXiNeN9SOGwQ3Jn8jb8m3Z6izVgknn1R0FTCEAP2QrLY/w==",
      "dev": true,
      "license": "MIT"
    }
  }
}
